<Solution>
  <Folder Name="/src/">
    <Project Path="src/ServerMonitor.Core/ServerMonitor.Core.csproj" />
    <Project Path="src/ServerMonitor.App/ServerMonitor.App.csproj" />
    <Project Path="src/ServerMonitor.Cli/ServerMonitor.Cli.csproj" />
  </Folder>
  <Folder Name="/tests/">
    <Project Path="tests/ServerMonitor.Core.Tests/ServerMonitor.Core.Tests.csproj" />
    <Project Path="tests/ServerMonitor.App.Tests/ServerMonitor.App.Tests.csproj" />
  </Folder>
</Solution>
